
Microsoft Visual Studio Solution File, Format Version 12.00
# Visual Studio Version 16
VisualStudioVersion = 16.0.30717.126
MinimumVisualStudioVersion = 10.0.40219.1
Project("{FAE04EC0-301F-11D3-BF4B-00C04F79EFBC}") = "MedicalQueue_Kelly", "MedicalQueue_Kelly\MedicalQueue_Kelly.csproj", "{3913D9D4-7134-4F25-84C5-21945DF67215}"
EndProject
Global
	GlobalSection(SolutionConfigurationPlatforms) = preSolution
		Debug|Any CPU = Debug|Any CPU
		Release|Any CPU = Release|Any CPU
	EndGlobalSection
	GlobalSection(ProjectConfigurationPlatforms) = postSolution
		{3913D9D4-7134-4F25-84C5-21945DF67215}.Debug|Any CPU.ActiveCfg = Debug|Any CPU
		{3913D9D4-7134-4F25-84C5-21945DF67215}.Debug|Any CPU.Build.0 = Debug|Any CPU
		{3913D9D4-7134-4F25-84C5-21945DF67215}.Release|Any CPU.ActiveCfg = Release|Any CPU
		{3913D9D4-7134-4F25-84C5-21945DF67215}.Release|Any CPU.Build.0 = Release|Any CPU
	EndGlobalSection
	GlobalSection(SolutionProperties) = preSolution
		HideSolutionNode = FALSE
	EndGlobalSection
	GlobalSection(ExtensibilityGlobals) = postSolution
		SolutionGuid = {F6F390E6-2716-4BA4-99B8-7C8CE7575CBE}
	EndGlobalSection
EndGlobal
